
Microsoft Visual Studio Solution File, Format Version 12.00
# Visual Studio Version 16
VisualStudioVersion = 16.0.29905.134
MinimumVisualStudioVersion = 10.0.40219.1
Project("{FAE04EC0-301F-11D3-BF4B-00C04F79EFBC}") = "sistema_mrp", "sistema_mrp\sistema_mrp.csproj", "{CA5AB53D-EFE3-42D7-82A8-F2474C205960}"
EndProject
Global
	GlobalSection(SolutionConfigurationPlatforms) = preSolution
		Debug|Any CPU = Debug|Any CPU
		Release|Any CPU = Release|Any CPU
	EndGlobalSection
	GlobalSection(ProjectConfigurationPlatforms) = postSolution
		{CA5AB53D-EFE3-42D7-82A8-F2474C205960}.Debug|Any CPU.ActiveCfg = Debug|Any CPU
		{CA5AB53D-EFE3-42D7-82A8-F2474C205960}.Debug|Any CPU.Build.0 = Debug|Any CPU
		{CA5AB53D-EFE3-42D7-82A8-F2474C205960}.Release|Any CPU.ActiveCfg = Release|Any CPU
		{CA5AB53D-EFE3-42D7-82A8-F2474C205960}.Release|Any CPU.Build.0 = Release|Any CPU
	EndGlobalSection
	GlobalSection(SolutionProperties) = preSolution
		HideSolutionNode = FALSE
	EndGlobalSection
	GlobalSection(ExtensibilityGlobals) = postSolution
		SolutionGuid = {E1662EB8-C564-414C-8D01-D5DE07E4A407}
	EndGlobalSection
EndGlobal
